
Microsoft Visual Studio Solution File, Format Version 12.00
# Visual Studio 15
VisualStudioVersion = 15.0.28307.960
MinimumVisualStudioVersion = 10.0.40219.1
Project("{888888A0-9F3D-457C-B088-3A5042F75D52}") = "TimecardCombiner", "TimecardCombiner\TimecardCombiner.pyproj", "{0F596054-E715-4F36-8C01-4336667381CE}"
EndProject
Global
	GlobalSection(SolutionConfigurationPlatforms) = preSolution
		Debug|Any CPU = Debug|Any CPU
		Release|Any CPU = Release|Any CPU
	EndGlobalSection
	GlobalSection(ProjectConfigurationPlatforms) = postSolution
		{0F596054-E715-4F36-8C01-4336667381CE}.Debug|Any CPU.ActiveCfg = Debug|Any CPU
		{0F596054-E715-4F36-8C01-4336667381CE}.Release|Any CPU.ActiveCfg = Release|Any CPU
	EndGlobalSection
	GlobalSection(SolutionProperties) = preSolution
		HideSolutionNode = FALSE
	EndGlobalSection
	GlobalSection(ExtensibilityGlobals) = postSolution
		SolutionGuid = {4A3115C4-DB89-438A-968E-CE3294608229}
	EndGlobalSection
EndGlobal
